
Microsoft Visual Studio Solution File, Format Version 12.00
# Visual Studio Version 16
VisualStudioVersion = 16.0.29806.167
MinimumVisualStudioVersion = 10.0.40219.1
Project("{9A19103F-16F7-4668-BE54-9A1E7A4F7556}") = "BulkyBook", "BulkyBook\BulkyBook.csproj", "{119294E8-58DC-4A55-B7B4-9EB8CF7EFC26}"
EndProject
Project("{9A19103F-16F7-4668-BE54-9A1E7A4F7556}") = "BulkyBook.Models", "BulkyBook.Models\BulkyBook.Models.csproj", "{C795E506-2A66-4133-A060-07AE954ED826}"
EndProject
Project("{9A19103F-16F7-4668-BE54-9A1E7A4F7556}") = "BulkyBook.Utility", "BulkyBook.Utility\BulkyBook.Utility.csproj", "{726A656B-391A-4B45-BDB2-07D9C2CFA687}"
EndProject
Project("{9A19103F-16F7-4668-BE54-9A1E7A4F7556}") = "BulkyBook.DataAccess", "BulkyBook.DataAccess\BulkyBook.DataAccess.csproj", "{D2D57CCD-E211-44CC-9258-8D1401D4C040}"
EndProject
Global
	GlobalSection(SolutionConfigurationPlatforms) = preSolution
		Debug|Any CPU = Debug|Any CPU
		Release|Any CPU = Release|Any CPU
	EndGlobalSection
	GlobalSection(ProjectConfigurationPlatforms) = postSolution
		{119294E8-58DC-4A55-B7B4-9EB8CF7EFC26}.Debug|Any CPU.ActiveCfg = Debug|Any CPU
		{119294E8-58DC-4A55-B7B4-9EB8CF7EFC26}.Debug|Any CPU.Build.0 = Debug|Any CPU
		{119294E8-58DC-4A55-B7B4-9EB8CF7EFC26}.Release|Any CPU.ActiveCfg = Release|Any CPU
		{119294E8-58DC-4A55-B7B4-9EB8CF7EFC26}.Release|Any CPU.Build.0 = Release|Any CPU
		{C795E506-2A66-4133-A060-07AE954ED826}.Debug|Any CPU.ActiveCfg = Debug|Any CPU
		{C795E506-2A66-4133-A060-07AE954ED826}.Debug|Any CPU.Build.0 = Debug|Any CPU
		{C795E506-2A66-4133-A060-07AE954ED826}.Release|Any CPU.ActiveCfg = Release|Any CPU
		{C795E506-2A66-4133-A060-07AE954ED826}.Release|Any CPU.Build.0 = Release|Any CPU
		{726A656B-391A-4B45-BDB2-07D9C2CFA687}.Debug|Any CPU.ActiveCfg = Debug|Any CPU
		{726A656B-391A-4B45-BDB2-07D9C2CFA687}.Debug|Any CPU.Build.0 = Debug|Any CPU
		{726A656B-391A-4B45-BDB2-07D9C2CFA687}.Release|Any CPU.ActiveCfg = Release|Any CPU
		{726A656B-391A-4B45-BDB2-07D9C2CFA687}.Release|Any CPU.Build.0 = Release|Any CPU
		{D2D57CCD-E211-44CC-9258-8D1401D4C040}.Debug|Any CPU.ActiveCfg = Debug|Any CPU
		{D2D57CCD-E211-44CC-9258-8D1401D4C040}.Debug|Any CPU.Build.0 = Debug|Any CPU
		{D2D57CCD-E211-44CC-9258-8D1401D4C040}.Release|Any CPU.ActiveCfg = Release|Any CPU
		{D2D57CCD-E211-44CC-9258-8D1401D4C040}.Release|Any CPU.Build.0 = Release|Any CPU
	EndGlobalSection
	GlobalSection(SolutionProperties) = preSolution
		HideSolutionNode = FALSE
	EndGlobalSection
	GlobalSection(ExtensibilityGlobals) = postSolution
		SolutionGuid = {4CAC6C52-2A18-4E91-AA8A-B4F5B7138ED9}
	EndGlobalSection
EndGlobal
